
Microsoft Visual Studio Solution File, Format Version 12.00
# Visual Studio Version 17
VisualStudioVersion = 17.9.34607.119
MinimumVisualStudioVersion = 10.0.40219.1
Project("{FAE04EC0-301F-11D3-BF4B-00C04F79EFBC}") = "EntityCoreLesson", "EntityCoreLesson\EntityCoreLesson.csproj", "{D76AA069-9AF5-480F-A45D-C0FABEB829B1}"
EndProject
Global
	GlobalSection(SolutionConfigurationPlatforms) = preSolution
		Debug|Any CPU = Debug|Any CPU
		Release|Any CPU = Release|Any CPU
	EndGlobalSection
	GlobalSection(ProjectConfigurationPlatforms) = postSolution
		{D76AA069-9AF5-480F-A45D-C0FABEB829B1}.Debug|Any CPU.ActiveCfg = Debug|Any CPU
		{D76AA069-9AF5-480F-A45D-C0FABEB829B1}.Debug|Any CPU.Build.0 = Debug|Any CPU
		{D76AA069-9AF5-480F-A45D-C0FABEB829B1}.Release|Any CPU.ActiveCfg = Release|Any CPU
		{D76AA069-9AF5-480F-A45D-C0FABEB829B1}.Release|Any CPU.Build.0 = Release|Any CPU
	EndGlobalSection
	GlobalSection(SolutionProperties) = preSolution
		HideSolutionNode = FALSE
	EndGlobalSection
	GlobalSection(ExtensibilityGlobals) = postSolution
		SolutionGuid = {052DE0D9-8380-4E93-8D29-43479C2679FA}
	EndGlobalSection
EndGlobal
