
Microsoft Visual Studio Solution File, Format Version 12.00
# Visual Studio Version 17
VisualStudioVersion = 17.9.34607.119
MinimumVisualStudioVersion = 10.0.40219.1
Project("{FAE04EC0-301F-11D3-BF4B-00C04F79EFBC}") = "Online.Marketplace", "Online.Marketplace\Online.Marketplace.csproj", "{628D516F-D5AB-4805-806A-19D8F6B32C55}"
EndProject
Global
	GlobalSection(SolutionConfigurationPlatforms) = preSolution
		Debug|Any CPU = Debug|Any CPU
		Release|Any CPU = Release|Any CPU
	EndGlobalSection
	GlobalSection(ProjectConfigurationPlatforms) = postSolution
		{628D516F-D5AB-4805-806A-19D8F6B32C55}.Debug|Any CPU.ActiveCfg = Debug|Any CPU
		{628D516F-D5AB-4805-806A-19D8F6B32C55}.Debug|Any CPU.Build.0 = Debug|Any CPU
		{628D516F-D5AB-4805-806A-19D8F6B32C55}.Release|Any CPU.ActiveCfg = Release|Any CPU
		{628D516F-D5AB-4805-806A-19D8F6B32C55}.Release|Any CPU.Build.0 = Release|Any CPU
	EndGlobalSection
	GlobalSection(SolutionProperties) = preSolution
		HideSolutionNode = FALSE
	EndGlobalSection
	GlobalSection(ExtensibilityGlobals) = postSolution
		SolutionGuid = {F5E3F130-8E2B-4F0B-9E0D-A8AB62506B70}
	EndGlobalSection
EndGlobal
